Microsoft Visual Studio Solution File, Format Version 12.00
# Visual Studio Version 17
VisualStudioVersion = 17.0.31611.283
MinimumVisualStudioVersion = 10.0.40219.1
Project("{9A19103F-16F7-4668-BE54-9A1E7A4F7556}") = "Move-A-Block", "Move-A-Block.csproj", "{4D69E7C3-82E2-485B-B7C1-A39CCDED7519}"
EndProject
Project("{FAE04EC0-301F-11D3-BF4B-00C04F79EFBC}") = "Move_A_Block_Shared", "Move_A_Block_Shared\Move_A_Block_Shared.csproj", "{0CF244E9-C5B8-48B6-9CF6-78A97A6F7FCB}"
EndProject
Global
	GlobalSection(SolutionConfigurationPlatforms) = preSolution
		Debug|Any CPU = Debug|Any CPU
		Release|Any CPU = Release|Any CPU
	EndGlobalSection
	GlobalSection(ProjectConfigurationPlatforms) = postSolution
		{4D69E7C3-82E2-485B-B7C1-A39CCDED7519}.Debug|Any CPU.ActiveCfg = Debug|Any CPU
		{4D69E7C3-82E2-485B-B7C1-A39CCDED7519}.Debug|Any CPU.Build.0 = Debug|Any CPU
		{4D69E7C3-82E2-485B-B7C1-A39CCDED7519}.Debug|Any CPU.Deploy.0 = Debug|Any CPU
		{4D69E7C3-82E2-485B-B7C1-A39CCDED7519}.Release|Any CPU.ActiveCfg = Release|Any CPU
		{4D69E7C3-82E2-485B-B7C1-A39CCDED7519}.Release|Any CPU.Build.0 = Release|Any CPU
		{4D69E7C3-82E2-485B-B7C1-A39CCDED7519}.Release|Any CPU.Deploy.0 = Release|Any CPU
		{0CF244E9-C5B8-48B6-9CF6-78A97A6F7FCB}.Debug|Any CPU.ActiveCfg = Debug|Any CPU
		{0CF244E9-C5B8-48B6-9CF6-78A97A6F7FCB}.Debug|Any CPU.Build.0 = Debug|Any CPU
		{0CF244E9-C5B8-48B6-9CF6-78A97A6F7FCB}.Release|Any CPU.ActiveCfg = Release|Any CPU
		{0CF244E9-C5B8-48B6-9CF6-78A97A6F7FCB}.Release|Any CPU.Build.0 = Release|Any CPU
	EndGlobalSection
	GlobalSection(SolutionProperties) = preSolution
		HideSolutionNode = FALSE
	EndGlobalSection
	GlobalSection(ExtensibilityGlobals) = postSolution
		SolutionGuid = {61F7FB11-1E47-470C-91E2-47F8143E1572}
	EndGlobalSection
EndGlobal
